
Microsoft Visual Studio Solution File, Format Version 12.00
# Visual Studio 15
VisualStudioVersion = 15.0.27130.2020
MinimumVisualStudioVersion = 10.0.40219.1
Project("{FAE04EC0-301F-11D3-BF4B-00C04F79EFBC}") = "WindowsFormsApp1", "WindowsFormsApp1\WindowsFormsApp1.csproj", "{03BCFFAE-A202-414B-9C1F-2753F416C2F3}"
EndProject
Global
	GlobalSection(SolutionConfigurationPlatforms) = preSolution
		Debug|Any CPU = Debug|Any CPU
		Release|Any CPU = Release|Any CPU
	EndGlobalSection
	GlobalSection(ProjectConfigurationPlatforms) = postSolution
		{03BCFFAE-A202-414B-9C1F-2753F416C2F3}.Debug|Any CPU.ActiveCfg = Debug|Any CPU
		{03BCFFAE-A202-414B-9C1F-2753F416C2F3}.Debug|Any CPU.Build.0 = Debug|Any CPU
		{03BCFFAE-A202-414B-9C1F-2753F416C2F3}.Release|Any CPU.ActiveCfg = Release|Any CPU
		{03BCFFAE-A202-414B-9C1F-2753F416C2F3}.Release|Any CPU.Build.0 = Release|Any CPU
	EndGlobalSection
	GlobalSection(SolutionProperties) = preSolution
		HideSolutionNode = FALSE
	EndGlobalSection
	GlobalSection(ExtensibilityGlobals) = postSolution
		SolutionGuid = {E9A0BF04-B723-4DEF-9E65-9473A79E69A5}
	EndGlobalSection
EndGlobal
